
Microsoft Visual Studio Solution File, Format Version 12.00
# Visual Studio 15
Project("{FAE04EC0-301F-11D3-BF4B-00C04F79EFBC}") = "CSharp.Android", "CSharp.Android\CSharp.Android.csproj", "{0CBCE5CE-3F79-49D2-AEE7-4541AC096483}"
EndProject
Project("{FAE04EC0-301F-11D3-BF4B-00C04F79EFBC}") = "CSharp.iOS", "CSharp.iOS\CSharp.iOS.csproj", "{31D34A77-6B57-4178-843D-0AADA426B997}"
EndProject
Project("{FAE04EC0-301F-11D3-BF4B-00C04F79EFBC}") = "CSharp", "CSharp\CSharp.csproj", "{5E66176E-7B3A-4386-9ACA-A53DED08F597}"
EndProject
Global
	GlobalSection(SolutionConfigurationPlatforms) = preSolution
		Debug|Any CPU = Debug|Any CPU
		Release|Any CPU = Release|Any CPU
		Debug|iPhoneSimulator = Debug|iPhoneSimulator
		Release|iPhoneSimulator = Release|iPhoneSimulator
		Debug|iPhone = Debug|iPhone
		Release|iPhone = Release|iPhone
	EndGlobalSection
	GlobalSection(ProjectConfigurationPlatforms) = postSolution
		{0CBCE5CE-3F79-49D2-AEE7-4541AC096483}.Debug|Any CPU.ActiveCfg = Debug|Any CPU
		{0CBCE5CE-3F79-49D2-AEE7-4541AC096483}.Debug|Any CPU.Build.0 = Debug|Any CPU
		{0CBCE5CE-3F79-49D2-AEE7-4541AC096483}.Release|Any CPU.ActiveCfg = Release|Any CPU
		{0CBCE5CE-3F79-49D2-AEE7-4541AC096483}.Release|Any CPU.Build.0 = Release|Any CPU
		{0CBCE5CE-3F79-49D2-AEE7-4541AC096483}.Debug|iPhoneSimulator.ActiveCfg = Debug|Any CPU
		{0CBCE5CE-3F79-49D2-AEE7-4541AC096483}.Debug|iPhoneSimulator.Build.0 = Debug|Any CPU
		{0CBCE5CE-3F79-49D2-AEE7-4541AC096483}.Release|iPhoneSimulator.ActiveCfg = Release|Any CPU
		{0CBCE5CE-3F79-49D2-AEE7-4541AC096483}.Release|iPhoneSimulator.Build.0 = Release|Any CPU
		{0CBCE5CE-3F79-49D2-AEE7-4541AC096483}.Debug|iPhone.ActiveCfg = Debug|Any CPU
		{0CBCE5CE-3F79-49D2-AEE7-4541AC096483}.Debug|iPhone.Build.0 = Debug|Any CPU
		{0CBCE5CE-3F79-49D2-AEE7-4541AC096483}.Release|iPhone.ActiveCfg = Release|Any CPU
		{0CBCE5CE-3F79-49D2-AEE7-4541AC096483}.Release|iPhone.Build.0 = Release|Any CPU
		{31D34A77-6B57-4178-843D-0AADA426B997}.Debug|Any CPU.ActiveCfg = Debug|iPhoneSimulator
		{31D34A77-6B57-4178-843D-0AADA426B997}.Debug|Any CPU.Build.0 = Debug|iPhoneSimulator
		{31D34A77-6B57-4178-843D-0AADA426B997}.Release|Any CPU.ActiveCfg = Release|iPhoneSimulator
		{31D34A77-6B57-4178-843D-0AADA426B997}.Release|Any CPU.Build.0 = Release|iPhoneSimulator
		{31D34A77-6B57-4178-843D-0AADA426B997}.Debug|iPhoneSimulator.ActiveCfg = Debug|iPhoneSimulator
		{31D34A77-6B57-4178-843D-0AADA426B997}.Debug|iPhoneSimulator.Build.0 = Debug|iPhoneSimulator
		{31D34A77-6B57-4178-843D-0AADA426B997}.Release|iPhoneSimulator.ActiveCfg = Release|iPhoneSimulator
		{31D34A77-6B57-4178-843D-0AADA426B997}.Release|iPhoneSimulator.Build.0 = Release|iPhoneSimulator
		{31D34A77-6B57-4178-843D-0AADA426B997}.Debug|iPhone.ActiveCfg = Debug|iPhone
		{31D34A77-6B57-4178-843D-0AADA426B997}.Debug|iPhone.Build.0 = Debug|iPhone
		{31D34A77-6B57-4178-843D-0AADA426B997}.Release|iPhone.ActiveCfg = Release|iPhone
		{31D34A77-6B57-4178-843D-0AADA426B997}.Release|iPhone.Build.0 = Release|iPhone
		{5E66176E-7B3A-4386-9ACA-A53DED08F597}.Debug|Any CPU.ActiveCfg = Debug|Any CPU
		{5E66176E-7B3A-4386-9ACA-A53DED08F597}.Debug|Any CPU.Build.0 = Debug|Any CPU
		{5E66176E-7B3A-4386-9ACA-A53DED08F597}.Release|Any CPU.ActiveCfg = Release|Any CPU
		{5E66176E-7B3A-4386-9ACA-A53DED08F597}.Release|Any CPU.Build.0 = Release|Any CPU
		{5E66176E-7B3A-4386-9ACA-A53DED08F597}.Debug|iPhoneSimulator.ActiveCfg = Debug|Any CPU
		{5E66176E-7B3A-4386-9ACA-A53DED08F597}.Debug|iPhoneSimulator.Build.0 = Debug|Any CPU
		{5E66176E-7B3A-4386-9ACA-A53DED08F597}.Release|iPhoneSimulator.ActiveCfg = Release|Any CPU
		{5E66176E-7B3A-4386-9ACA-A53DED08F597}.Release|iPhoneSimulator.Build.0 = Release|Any CPU
		{5E66176E-7B3A-4386-9ACA-A53DED08F597}.Debug|iPhone.ActiveCfg = Debug|Any CPU
		{5E66176E-7B3A-4386-9ACA-A53DED08F597}.Debug|iPhone.Build.0 = Debug|Any CPU
		{5E66176E-7B3A-4386-9ACA-A53DED08F597}.Release|iPhone.ActiveCfg = Release|Any CPU
		{5E66176E-7B3A-4386-9ACA-A53DED08F597}.Release|iPhone.Build.0 = Release|Any CPU
	EndGlobalSection
EndGlobal
